
Microsoft Visual Studio Solution File, Format Version 12.00
# Visual Studio Version 17
VisualStudioVersion = 17.5.33424.131
MinimumVisualStudioVersion = 10.0.40219.1
Project("{FAE04EC0-301F-11D3-BF4B-00C04F79EFBC}") = "Recipe Manager", "Recipe Manager\Recipe Manager.csproj", "{59C0AB52-D1A5-46E1-85C3-163847DB39EC}"
EndProject
Global
	GlobalSection(SolutionConfigurationPlatforms) = preSolution
		Debug|Any CPU = Debug|Any CPU
		Release|Any CPU = Release|Any CPU
	EndGlobalSection
	GlobalSection(ProjectConfigurationPlatforms) = postSolution
		{59C0AB52-D1A5-46E1-85C3-163847DB39EC}.Debug|Any CPU.ActiveCfg = Debug|Any CPU
		{59C0AB52-D1A5-46E1-85C3-163847DB39EC}.Debug|Any CPU.Build.0 = Debug|Any CPU
		{59C0AB52-D1A5-46E1-85C3-163847DB39EC}.Release|Any CPU.ActiveCfg = Release|Any CPU
		{59C0AB52-D1A5-46E1-85C3-163847DB39EC}.Release|Any CPU.Build.0 = Release|Any CPU
	EndGlobalSection
	GlobalSection(SolutionProperties) = preSolution
		HideSolutionNode = FALSE
	EndGlobalSection
	GlobalSection(ExtensibilityGlobals) = postSolution
		SolutionGuid = {398D6E13-A112-4F56-8D96-31A4E24A7299}
	EndGlobalSection
EndGlobal
